
Microsoft Visual Studio Solution File, Format Version 12.00
# Visual Studio Version 17
VisualStudioVersion = 17.14.36623.8
MinimumVisualStudioVersion = 10.0.40219.1
Project("{FAE04EC0-301F-11D3-BF4B-00C04F79EFBC}") = "pCloudPhotoOrganizer", "pCloudPhotoOrganizer.csproj", "{62FF833B-2226-458B-A60B-B7C90EADB609}"
EndProject
Project("{2150E333-8FDC-42A3-9474-1A3956D46DE8}") = "Build", "Build", "{02EA681E-C7D8-13C7-8484-4AC65E1B71E8}"
	ProjectSection(SolutionItems) = preProject
		..\..\.github\workflows\build.yml = ..\..\.github\workflows\build.yml
	EndProjectSection
EndProject
Global
	GlobalSection(SolutionConfigurationPlatforms) = preSolution
		Debug|Any CPU = Debug|Any CPU
		Release|Any CPU = Release|Any CPU
	EndGlobalSection
	GlobalSection(ProjectConfigurationPlatforms) = postSolution
		{62FF833B-2226-458B-A60B-B7C90EADB609}.Debug|Any CPU.ActiveCfg = Debug|Any CPU
		{62FF833B-2226-458B-A60B-B7C90EADB609}.Debug|Any CPU.Build.0 = Debug|Any CPU
		{62FF833B-2226-458B-A60B-B7C90EADB609}.Debug|Any CPU.Deploy.0 = Debug|Any CPU
		{62FF833B-2226-458B-A60B-B7C90EADB609}.Release|Any CPU.ActiveCfg = Release|Any CPU
		{62FF833B-2226-458B-A60B-B7C90EADB609}.Release|Any CPU.Build.0 = Release|Any CPU
		{62FF833B-2226-458B-A60B-B7C90EADB609}.Release|Any CPU.Deploy.0 = Release|Any CPU
	EndGlobalSection
	GlobalSection(SolutionProperties) = preSolution
		HideSolutionNode = FALSE
	EndGlobalSection
	GlobalSection(ExtensibilityGlobals) = postSolution
		SolutionGuid = {5C2D6F12-8C29-49FA-B832-DAEC607C0B70}
	EndGlobalSection
EndGlobal
